// !$*UTF8*$!
{
	archiveVersion = 1;
	classes = {
	};
	objectVersion = 46;
	objects = {

/* Begin PBXBuildFile section */
		C25925731D4A102C0002EC0E /* AppDelegate.swift in Sources */ = {isa = PBXBuildFile; fileRef = C25925721D4A102C0002EC0E /* AppDelegate.swift */; };
		C25925751D4A102C0002EC0E /* ViewController.swift in Sources */ = {isa = PBXBuildFile; fileRef = C25925741D4A102C0002EC0E /* ViewController.swift */; };
		C25925781D4A102C0002EC0E /* Main.storyboard in Resources */ = {isa = PBXBuildFile; fileRef = C25925761D4A102C0002EC0E /* Main.storyboard */; };
		C259257A1D4A102C0002EC0E /* Assets.xcassets in Resources */ = {isa = PBXBuildFile; fileRef = C25925791D4A102C0002EC0E /* Assets.xcassets */; };
		C259257D1D4A102C0002EC0E /* LaunchScreen.storyboard in Resources */ = {isa = PBXBuildFile; fileRef = C259257B1D4A102C0002EC0E /* LaunchScreen.storyboard */; };
		C25925851D4A18F10002EC0E /* TwoViewController.swift in Sources */ = {isa = PBXBuildFile; fileRef = C25925841D4A18F10002EC0E /* TwoViewController.swift */; };
/* End PBXBuildFile section */

/* Begin PBXFileReference section */
		C259256F1D4A102C0002EC0E /* LuSMSButton.app */ = {isa = PBXFileReference; explicitFileType = wrapper.application; includeInIndex = 0; path = LuSMSButton.app; sourceTree = BUILT_PRODUCTS_DIR; };
		C25925721D4A102C0002EC0E /* AppDelegate.swift */ = {isa = PBXFileReference; lastKnownFileType = sourcecode.swift; path = AppDelegate.swift; sourceTree = "<group>"; };
		C25925741D4A102C0002EC0E /* ViewController.swift */ = {isa = PBXFileReference; lastKnownFileType = sourcecode.swift; path = ViewController.swift; sourceTree = "<group>"; };
		C25925771D4A102C0002EC0E /* Base */ = {isa = PBXFileReference; lastKnownFileType = file.storyboard; name = Base; path = Base.lproj/Main.storyboard; sourceTree = "<group>"; };
		C25925791D4A102C0002EC0E /* Assets.xcassets */ = {isa = PBXFileReference; lastKnownFileType = folder.assetcatalog; path = Assets.xcassets; sourceTree = "<group>"; };
		C259257C1D4A102C0002EC0E /* Base */ = {isa = PBXFileReference; lastKnownFileType = file.storyboard; name = Base; path = Base.lproj/LaunchScreen.storyboard; sourceTree = "<group>"; };
		C259257E1D4A102C0002EC0E /* Info.plist */ = {isa = PBXFileReference; lastKnownFileType = text.plist.xml; path = Info.plist; sourceTree = "<group>"; };
		C25925841D4A18F10002EC0E /* TwoViewController.swift */ = {isa = PBXFileReference; fileEncoding = 4; lastKnownFileType = sourcecode.swift; path = TwoViewController.swift; sourceTree = "<group>"; };
/* End PBXFileReference section */

/* Begin PBXFrameworksBuildPhase section */
		C259256C1D4A102C0002EC0E /* Frameworks */ = {
			isa = PBXFrameworksBuildPhase;
			buildActionMask = 2147483647;
			files = (
			);
			runOnlyForDeploymentPostprocessing = 0;
		};
/* End PBXFrameworksBuildPhase section */

/* Begin PBXGroup section */
		C25925661D4A102C0002EC0E = {
			isa = PBXGroup;
			children = (
				C25925711D4A102C0002EC0E /* LuSMSButton */,
				C25925701D4A102C0002EC0E /* Products */,
			);
			sourceTree = "<group>";
		};
		C25925701D4A102C0002EC0E /* Products */ = {
			isa = PBXGroup;
			children = (
				C259256F1D4A102C0002EC0E /* LuSMSButton.app */,
			);
			name = Products;
			sourceTree = "<group>";
		};
		C25925711D4A102C0002EC0E /* LuSMSButton */ = {
			isa = PBXGroup;
			children = (
				C25925721D4A102C0002EC0E /* AppDelegate.swift */,
				C25925741D4A102C0002EC0E /* ViewController.swift */,
				C25925841D4A18F10002EC0E /* TwoViewController.swift */,
				C25925761D4A102C0002EC0E /* Main.storyboard */,
				C25925791D4A102C0002EC0E /* Assets.xcassets */,
				C259257B1D4A102C0002EC0E /* LaunchScreen.storyboard */,
				C259257E1D4A102C0002EC0E /* Info.plist */,
			);
			path = LuSMSButton;
			sourceTree = "<group>";
		};
/* End PBXGroup section */

/* Begin PBXNativeTarget section */
		C259256E1D4A102C0002EC0E /* LuSMSButton */ = {
			isa = PBXNativeTarget;
			buildConfigurationList = C25925811D4A102C0002EC0E /* Build configuration list for PBXNativeTarget "LuSMSButton" */;
			buildPhases = (
				C259256B1D4A102C0002EC0E /* Sources */,
				C259256C1D4A102C0002EC0E /* Frameworks */,
				C259256D1D4A102C0002EC0E /* Resources */,
			);
			buildRules = (
			);
			dependencies = (
			);
			name = LuSMSButton;
			productName = LuSMSButton;
			productReference = C259256F1D4A102C0002EC0E /* LuSMSButton.app */;
			productType = "com.apple.product-type.application";
		};
/* End PBXNativeTarget section */

/* Begin PBXProject section */
		C25925671D4A102C0002EC0E /* Project object */ = {
			isa = PBXProject;
			attributes = {
				LastSwiftUpdateCheck = 0730;
				LastUpgradeCheck = 0730;
				ORGANIZATIONNAME = "路政浩";
				TargetAttributes = {
					C259256E1D4A102C0002EC0E = {
						CreatedOnToolsVersion = 7.3.1;
					};
				};
			};
			buildConfigurationList = C259256A1D4A102C0002EC0E /* Build configuration list for PBXProject "LuSMSButton" */;
			compatibilityVersion = "Xcode 3.2";
			developmentRegion = English;
			hasScannedForEncodings = 0;
			knownRegions = (
				en,
				Base,
			);
			mainGroup = C25925661D4A102C0002EC0E;
			productRefGroup = C25925701D4A102C0002EC0E /* Products */;
			projectDirPath = "";
			projectRoot = "";
			targets = (
				C259256E1D4A102C0002EC0E /* LuSMSButton */,
			);
		};
/* End PBXProject section */

/* Begin PBXResourcesBuildPhase section */
		C259256D1D4A102C0002EC0E /* Resources */ = {
			isa = PBXResourcesBuildPhase;
			buildActionMask = 2147483647;
			files = (
				C259257D1D4A102C0002EC0E /* LaunchScreen.storyboard in Resources */,
				C259257A1D4A102C0002EC0E /* Assets.xcassets in Resources */,
				C25925781D4A102C0002EC0E /* Main.storyboard in Resources */,
			);
			runOnlyForDeploymentPostprocessing = 0;
		};
/* End PBXResourcesBuildPhase section */

/* Begin PBXSourcesBuildPhase section */
		C259256B1D4A102C0002EC0E /* Sources */ = {
			isa = PBXSourcesBuildPhase;
			buildActionMask = 2147483647;
			files = (
				C25925751D4A102C0002EC0E /* ViewController.swift in Sources */,
				C25925731D4A102C0002EC0E /* AppDelegate.swift in Sources */,
				C25925851D4A18F10002EC0E /* TwoViewController.swift in Sources */,
			);
			runOnlyForDeploymentPostprocessing = 0;
		};
/* End PBXSourcesBuildPhase section */

/* Begin PBXVariantGroup section */
		C25925761D4A102C0002EC0E /* Main.storyboard */ = {
			isa = PBXVariantGroup;
			children = (
				C25925771D4A102C0002EC0E /* Base */,
			);
			name = Main.storyboard;
			sourceTree = "<group>";
		};
		C259257B1D4A102C0002EC0E /* LaunchScreen.storyboard */ = {
			isa = PBXVariantGroup;
			children = (
				C259257C1D4A102C0002EC0E /* Base */,
			);
			name = LaunchScreen.storyboard;
			sourceTree = "<group>";
		};
/* End PBXVariantGroup section */

/* Begin XCBuildConfiguration section */
		C259257F1D4A102C0002EC0E /* Debug */ = {
			isa = XCBuildConfiguration;
			buildSettings = {
				ALWAYS_SEARCH_USER_PATHS = NO;
				CLANG_ANALYZER_NONNULL = YES;
				CLANG_CXX_LANGUAGE_STANDARD = "gnu++0x";
				CLANG_CXX_LIBRARY = "libc++";
				CLANG_ENABLE_MODULES = YES;
				CLANG_ENABLE_OBJC_ARC = YES;
				CLANG_WARN_BOOL_CONVERSION = YES;
				CLANG_WARN_CONSTANT_CONVERSION = YES;
				CLANG_WARN_DIRECT_OBJC_ISA_USAGE = YES_ERROR;
				CLANG_WARN_EMPTY_BODY = YES;
				CLANG_WARN_ENUM_CONVERSION = YES;
				CLANG_WARN_INT_CONVERSION = YES;
				CLANG_WARN_OBJC_ROOT_CLASS = YES_ERROR;
				CLANG_WARN_UNREACHABLE_CODE = YES;
				CLANG_WARN__DUPLICATE_METHOD_MATCH = YES;
				"CODE_SIGN_IDENTITY[sdk=iphoneos*]" = "iPhone Developer";
				COPY_PHASE_STRIP = NO;
				DEBUG_INFORMATION_FORMAT = dwarf;
				ENABLE_STRICT_OBJC_MSGSEND = YES;
				ENABLE_TESTABILITY = YES;
				GCC_C_LANGUAGE_STANDARD = gnu99;
				GCC_DYNAMIC_NO_PIC = NO;
				GCC_NO_COMMON_BLOCKS = YES;
				GCC_OPTIMIZATION_LEVEL = 0;
				GCC_PREPROCESSOR_DEFINITIONS = (
					"DEBUG=1",
					"$(inherited)",
				);
				GCC_WARN_64_TO_32_BIT_CONVERSION = YES;
				GCC_WARN_ABOUT_RETURN_TYPE = YES_ERROR;
				GCC_WARN_UNDECLARED_SELECTOR = YES;
				GCC_WARN_UNINITIALIZED_AUTOS = YES_AGGRESSIVE;
				GCC_WARN_UNUSED_FUNCTION = YES;
				GCC_WARN_UNUSED_VARIABLE = YES;
				IPHONEOS_DEPLOYMENT_TARGET = 9.3;
				MTL_ENABLE_DEBUG_INFO = YES;
				ONLY_ACTIVE_ARCH = YES;
				SDKROOT = iphoneos;
				SWIFT_OPTIMIZATION_LEVEL = "-Onone";
				TARGETED_DEVICE_FAMILY = "1,2";
			};
			name = Debug;
		};
		C25925801D4A102C0002EC0E /* Release */ = {
			isa = XCBuildConfiguration;
			buildSettings = {
				ALWAYS_SEARCH_USER_PATHS = NO;
				CLANG_ANALYZER_NONNULL = YES;
				CLANG_CXX_LANGUAGE_STANDARD = "gnu++0x";
				CLANG_CXX_LIBRARY = "libc++";
				CLANG_ENABLE_MODULES = YES;
				CLANG_ENABLE_OBJC_ARC = YES;
				CLANG_WARN_BOOL_CONVERSION = YES;
				CLANG_WARN_CONSTANT_CONVERSION = YES;
				CLANG_WARN_DIRECT_OBJC_ISA_USAGE = YES_ERROR;
				CLANG_WARN_EMPTY_BODY = YES;
				CLANG_WARN_ENUM_CONVERSION = YES;
				CLANG_WARN_INT_CONVERSION = YES;
				CLANG_WARN_OBJC_ROOT_CLASS = YES_ERROR;
				CLANG_WARN_UNREACHABLE_CODE = YES;
				CLANG_WARN__DUPLICATE_METHOD_MATCH = YES;
				"CODE_SIGN_IDENTITY[sdk=iphoneos*]" = "iPhone Developer";
				COPY_PHASE_STRIP = NO;
				DEBUG_INFORMATION_FORMAT = "dwarf-with-dsym";
				ENABLE_NS_ASSERTIONS = NO;
				ENABLE_STRICT_OBJC_MSGSEND = YES;
				GCC_C_LANGUAGE_STANDARD = gnu99;
				GCC_NO_COMMON_BLOCKS = YES;
				GCC_WARN_64_TO_32_BIT_CONVERSION = YES;
				GCC_WARN_ABOUT_RETURN_TYPE = YES_ERROR;
				GCC_WARN_UNDECLARED_SELECTOR = YES;
				GCC_WARN_UNINITIALIZED_AUTOS = YES_AGGRESSIVE;
				GCC_WARN_UNUSED_FUNCTION = YES;
				GCC_WARN_UNUSED_VARIABLE = YES;
				IPHONEOS_DEPLOYMENT_TARGET = 9.3;
				MTL_ENABLE_DEBUG_INFO = NO;
				SDKROOT = iphoneos;
				TARGETED_DEVICE_FAMILY = "1,2";
				VALIDATE_PRODUCT = YES;
			};
			name = Release;
		};
		C25925821D4A102C0002EC0E /* Debug */ = {
			isa = XCBuildConfiguration;
			buildSettings = {
				ASSETCATALOG_COMPILER_APPICON_NAME = AppIcon;
				INFOPLIST_FILE = LuSMSButton/Info.plist;
				LD_RUNPATH_SEARCH_PATHS = "$(inherited) @executable_path/Frameworks";
				PRODUCT_BUNDLE_IDENTIFIER = com.etudetime.LuSMSButton;
				PRODUCT_NAME = "$(TARGET_NAME)";
			};
			name = Debug;
		};
		C25925831D4A102C0002EC0E /* Release */ = {
			isa = XCBuildConfiguration;
			buildSettings = {
				ASSETCATALOG_COMPILER_APPICON_NAME = AppIcon;
				INFOPLIST_FILE = LuSMSButton/Info.plist;
				LD_RUNPATH_SEARCH_PATHS = "$(inherited) @executable_path/Frameworks";
				PRODUCT_BUNDLE_IDENTIFIER = com.etudetime.LuSMSButton;
				PRODUCT_NAME = "$(TARGET_NAME)";
			};
			name = Release;
		};
/* End XCBuildConfiguration section */

/* Begin XCConfigurationList section */
		C259256A1D4A102C0002EC0E /* Build configuration list for PBXProject "LuSMSButton" */ = {
			isa = XCConfigurationList;
			buildConfigurations = (
				C259257F1D4A102C0002EC0E /* Debug */,
				C25925801D4A102C0002EC0E /* Release */,
			);
			defaultConfigurationIsVisible = 0;
			defaultConfigurationName = Release;
		};
		C25925811D4A102C0002EC0E /* Build configuration list for PBXNativeTarget "LuSMSButton" */ = {
			isa = XCConfigurationList;
			buildConfigurations = (
				C25925821D4A102C0002EC0E /* Debug */,
				C25925831D4A102C0002EC0E /* Release */,
			);
			defaultConfigurationIsVisible = 0;
			defaultConfigurationName = Release;
		};
/* End XCConfigurationList section */
	};
	rootObject = C25925671D4A102C0002EC0E /* Project object */;
}
